
Microsoft Visual Studio Solution File, Format Version 12.00
# Visual Studio Version 17
VisualStudioVersion = 17.10.35027.167
MinimumVisualStudioVersion = 10.0.40219.1
Project("{9A19103F-16F7-4668-BE54-9A1E7A4F7556}") = "InterviewHelper.API", "InterviewHelper.API.csproj", "{86BF1199-F5FE-40B1-9310-88F2A3471142}"
	ProjectSection(ProjectDependencies) = postProject
		{0AEDA7F6-6F98-4E16-AA9E-7C9677FBEAC5} = {0AEDA7F6-6F98-4E16-AA9E-7C9677FBEAC5}
	EndProjectSection
EndProject
Project("{9A19103F-16F7-4668-BE54-9A1E7A4F7556}") = "InterviewHelper.Business", "..\InterviewHelper.Business\InterviewHelper.Business.csproj", "{0AEDA7F6-6F98-4E16-AA9E-7C9677FBEAC5}"
	ProjectSection(ProjectDependencies) = postProject
		{86B635D2-EAB4-42A9-94C4-38E681FF6820} = {86B635D2-EAB4-42A9-94C4-38E681FF6820}
	EndProjectSection
EndProject
Project("{9A19103F-16F7-4668-BE54-9A1E7A4F7556}") = "InterviewHelper.DataAccess", "..\InterviewHelper.DataAccess\InterviewHelper.DataAccess.csproj", "{86B635D2-EAB4-42A9-94C4-38E681FF6820}"
EndProject
Project("{FAE04EC0-301F-11D3-BF4B-00C04F79EFBC}") = "InterviewHelper_UnitTest", "..\InterviewHelper_UnitTest\InterviewHelper_UnitTest.csproj", "{F7AE53D6-6F1B-44C8-A5CC-4F1C0FF5D193}"
	ProjectSection(ProjectDependencies) = postProject
		{0AEDA7F6-6F98-4E16-AA9E-7C9677FBEAC5} = {0AEDA7F6-6F98-4E16-AA9E-7C9677FBEAC5}
		{86B635D2-EAB4-42A9-94C4-38E681FF6820} = {86B635D2-EAB4-42A9-94C4-38E681FF6820}
		{86BF1199-F5FE-40B1-9310-88F2A3471142} = {86BF1199-F5FE-40B1-9310-88F2A3471142}
	EndProjectSection
EndProject
Global
	GlobalSection(SolutionConfigurationPlatforms) = preSolution
		Debug|Any CPU = Debug|Any CPU
		Release|Any CPU = Release|Any CPU
	EndGlobalSection
	GlobalSection(ProjectConfigurationPlatforms) = postSolution
		{86BF1199-F5FE-40B1-9310-88F2A3471142}.Debug|Any CPU.ActiveCfg = Debug|Any CPU
		{86BF1199-F5FE-40B1-9310-88F2A3471142}.Debug|Any CPU.Build.0 = Debug|Any CPU
		{86BF1199-F5FE-40B1-9310-88F2A3471142}.Release|Any CPU.ActiveCfg = Release|Any CPU
		{86BF1199-F5FE-40B1-9310-88F2A3471142}.Release|Any CPU.Build.0 = Release|Any CPU
		{0AEDA7F6-6F98-4E16-AA9E-7C9677FBEAC5}.Debug|Any CPU.ActiveCfg = Debug|Any CPU
		{0AEDA7F6-6F98-4E16-AA9E-7C9677FBEAC5}.Debug|Any CPU.Build.0 = Debug|Any CPU
		{0AEDA7F6-6F98-4E16-AA9E-7C9677FBEAC5}.Release|Any CPU.ActiveCfg = Release|Any CPU
		{0AEDA7F6-6F98-4E16-AA9E-7C9677FBEAC5}.Release|Any CPU.Build.0 = Release|Any CPU
		{86B635D2-EAB4-42A9-94C4-38E681FF6820}.Debug|Any CPU.ActiveCfg = Debug|Any CPU
		{86B635D2-EAB4-42A9-94C4-38E681FF6820}.Debug|Any CPU.Build.0 = Debug|Any CPU
		{86B635D2-EAB4-42A9-94C4-38E681FF6820}.Release|Any CPU.ActiveCfg = Release|Any CPU
		{86B635D2-EAB4-42A9-94C4-38E681FF6820}.Release|Any CPU.Build.0 = Release|Any CPU
		{F7AE53D6-6F1B-44C8-A5CC-4F1C0FF5D193}.Debug|Any CPU.ActiveCfg = Debug|Any CPU
		{F7AE53D6-6F1B-44C8-A5CC-4F1C0FF5D193}.Debug|Any CPU.Build.0 = Debug|Any CPU
		{F7AE53D6-6F1B-44C8-A5CC-4F1C0FF5D193}.Release|Any CPU.ActiveCfg = Release|Any CPU
		{F7AE53D6-6F1B-44C8-A5CC-4F1C0FF5D193}.Release|Any CPU.Build.0 = Release|Any CPU
	EndGlobalSection
	GlobalSection(SolutionProperties) = preSolution
		HideSolutionNode = FALSE
	EndGlobalSection
	GlobalSection(ExtensibilityGlobals) = postSolution
		SolutionGuid = {95D5BA9A-38FB-4C45-99DD-EB93CB44C0D9}
	EndGlobalSection
EndGlobal
